PODS:
  - Flutter (1.0.0)

DEPENDENCIES:
  - Flutter (from `.symlinks/flutter/ios-release`)

EXTERNAL SOURCES:
  Flutter:
    :path: ".symlinks/flutter/ios-release"

SPEC CHECKSUMS:
  Flutter: 0e3d915762c693b495b44d77113d4970485de6ec

PODFILE CHECKSUM: 2c25d0409fadb1a81fd82835972e6f40896bde46

COCOAPODS: 1.8.4
